
Microsoft Visual Studio Solution File, Format Version 12.00
# Visual Studio Version 16
VisualStudioVersion = 16.0.30804.86
MinimumVisualStudioVersion = 10.0.40219.1
Project("{FAE04EC0-301F-11D3-BF4B-00C04F79EFBC}") = "ItronicStore", "ItronicStore\ItronicStore.csproj", "{8160094D-8D3E-4B8E-9256-C4E3E15A0B82}"
EndProject
Project("{FAE04EC0-301F-11D3-BF4B-00C04F79EFBC}") = "ClassLibrary2", "ClassLibrary2\ClassLibrary2.csproj", "{3CC2C205-A623-44EA-A243-BE2A870A3FEE}"
EndProject
Project("{FAE04EC0-301F-11D3-BF4B-00C04F79EFBC}") = "UnitTest1", "UnitTestProject1\UnitTest1.csproj", "{0633052E-2226-405D-959A-3B54E791A50B}"
	ProjectSection(ProjectDependencies) = postProject
		{3CC2C205-A623-44EA-A243-BE2A870A3FEE} = {3CC2C205-A623-44EA-A243-BE2A870A3FEE}
		{8160094D-8D3E-4B8E-9256-C4E3E15A0B82} = {8160094D-8D3E-4B8E-9256-C4E3E15A0B82}
	EndProjectSection
EndProject
Global
	GlobalSection(SolutionConfigurationPlatforms) = preSolution
		Debug|Any CPU = Debug|Any CPU
		Release|Any CPU = Release|Any CPU
	EndGlobalSection
	GlobalSection(ProjectConfigurationPlatforms) = postSolution
		{8160094D-8D3E-4B8E-9256-C4E3E15A0B82}.Debug|Any CPU.ActiveCfg = Debug|Any CPU
		{8160094D-8D3E-4B8E-9256-C4E3E15A0B82}.Debug|Any CPU.Build.0 = Debug|Any CPU
		{8160094D-8D3E-4B8E-9256-C4E3E15A0B82}.Release|Any CPU.ActiveCfg = Release|Any CPU
		{8160094D-8D3E-4B8E-9256-C4E3E15A0B82}.Release|Any CPU.Build.0 = Release|Any CPU
		{3CC2C205-A623-44EA-A243-BE2A870A3FEE}.Debug|Any CPU.ActiveCfg = Debug|Any CPU
		{3CC2C205-A623-44EA-A243-BE2A870A3FEE}.Debug|Any CPU.Build.0 = Debug|Any CPU
		{3CC2C205-A623-44EA-A243-BE2A870A3FEE}.Release|Any CPU.ActiveCfg = Release|Any CPU
		{3CC2C205-A623-44EA-A243-BE2A870A3FEE}.Release|Any CPU.Build.0 = Release|Any CPU
		{0633052E-2226-405D-959A-3B54E791A50B}.Debug|Any CPU.ActiveCfg = Debug|Any CPU
		{0633052E-2226-405D-959A-3B54E791A50B}.Debug|Any CPU.Build.0 = Debug|Any CPU
		{0633052E-2226-405D-959A-3B54E791A50B}.Release|Any CPU.ActiveCfg = Release|Any CPU
		{0633052E-2226-405D-959A-3B54E791A50B}.Release|Any CPU.Build.0 = Release|Any CPU
	EndGlobalSection
	GlobalSection(SolutionProperties) = preSolution
		HideSolutionNode = FALSE
	EndGlobalSection
	GlobalSection(ExtensibilityGlobals) = postSolution
		SolutionGuid = {3F835E92-DC12-4034-9399-D94A0ABF8547}
	EndGlobalSection
EndGlobal
